
Microsoft Visual Studio Solution File, Format Version 12.00
# Visual Studio Version 16
VisualStudioVersion = 16.0.31129.286
MinimumVisualStudioVersion = 10.0.40219.1
Project("{9A19103F-16F7-4668-BE54-9A1E7A4F7556}") = "WebApplication1", "WebApplication1\WebApplication1.csproj", "{1AA5B6DD-72AF-4686-91AF-FF38C9C2872D}"
EndProject
Project("{FAE04EC0-301F-11D3-BF4B-00C04F79EFBC}") = "Data", "Data\Data.csproj", "{4F046BB8-F23D-4DD6-899D-DB7F0CCA969B}"
EndProject
Global
	GlobalSection(SolutionConfigurationPlatforms) = preSolution
		Debug|Any CPU = Debug|Any CPU
		Release|Any CPU = Release|Any CPU
	EndGlobalSection
	GlobalSection(ProjectConfigurationPlatforms) = postSolution
		{1AA5B6DD-72AF-4686-91AF-FF38C9C2872D}.Debug|Any CPU.ActiveCfg = Debug|Any CPU
		{1AA5B6DD-72AF-4686-91AF-FF38C9C2872D}.Debug|Any CPU.Build.0 = Debug|Any CPU
		{1AA5B6DD-72AF-4686-91AF-FF38C9C2872D}.Release|Any CPU.ActiveCfg = Release|Any CPU
		{1AA5B6DD-72AF-4686-91AF-FF38C9C2872D}.Release|Any CPU.Build.0 = Release|Any CPU
		{4F046BB8-F23D-4DD6-899D-DB7F0CCA969B}.Debug|Any CPU.ActiveCfg = Debug|Any CPU
		{4F046BB8-F23D-4DD6-899D-DB7F0CCA969B}.Debug|Any CPU.Build.0 = Debug|Any CPU
		{4F046BB8-F23D-4DD6-899D-DB7F0CCA969B}.Release|Any CPU.ActiveCfg = Release|Any CPU
		{4F046BB8-F23D-4DD6-899D-DB7F0CCA969B}.Release|Any CPU.Build.0 = Release|Any CPU
	EndGlobalSection
	GlobalSection(SolutionProperties) = preSolution
		HideSolutionNode = FALSE
	EndGlobalSection
	GlobalSection(ExtensibilityGlobals) = postSolution
		SolutionGuid = {64A6B9D3-2F7A-46D7-904A-A50D0B2C13BA}
	EndGlobalSection
EndGlobal
